{
  "name": "11",
  "version": "1.0.0",
  "lockfileVersion": 1,
  "requires": true,
  "dependencies": {
    "vue-rate-components": {
      "version": "1.0.3",
      "resolved": "https://registry.npmjs.org/vue-rate-components/-/vue-rate-components-1.0.3.tgz",
      "integrity": "sha512-K+2QGZOjMEQaaCwF/OfhHarSEkpP5FJYGu8BZi0izLcDMGd5VHXCF3Fr8sVUGToFlytXTloWhai1r0xlJNdQdA=="
    }
  }
}
