{
  "name": "11",
  "version": "1.0.0",
  "lockfileVersion": 1,
  "requires": true,
  "dependencies": {
    "handle-url-even": {
      "version": "1.0.1",
      "resolved": "https://registry.npmjs.org/handle-url-even/-/handle-url-even-1.0.1.tgz",
      "integrity": "sha512-Wci/WTgiSq7G3HkgZXGbuJ/DkBkZBDViTzGPWAVcQiciiP53HIS0jFqhnPnMsa5Kz5u6Pgt2Zc9F/vv4BSEYHg=="
    }
  }
}
